// !$*UTF8*$!
{
	archiveVersion = 1;
	classes = {
	};
	objectVersion = 46;
	objects = {

/* Begin PBXBuildFile section */
		0E86704C1947F8C200F1023F /* Foundation.framework in Frameworks */ = {isa = PBXBuildFile; fileRef = 0E86704B1947F8C200F1023F /* Foundation.framework */; };
		0E86704E1947F8C200F1023F /* CoreGraphics.framework in Frameworks */ = {isa = PBXBuildFile; fileRef = 0E86704D1947F8C200F1023F /* CoreGraphics.framework */; };
		0E8670501947F8C200F1023F /* UIKit.framework in Frameworks */ = {isa = PBXBuildFile; fileRef = 0E86704F1947F8C200F1023F /* UIKit.framework */; };
		0E8670561947F8C200F1023F /* InfoPlist.strings in Resources */ = {isa = PBXBuildFile; fileRef = 0E8670541947F8C200F1023F /* InfoPlist.strings */; };
		0E8670581947F8C200F1023F /* main.m in Sources */ = {isa = PBXBuildFile; fileRef = 0E8670571947F8C200F1023F /* main.m */; };
		0E86705C1947F8C200F1023F /* OAppDelegate.m in Sources */ = {isa = PBXBuildFile; fileRef = 0E86705B1947F8C200F1023F /* OAppDelegate.m */; };
		0E86705E1947F8C200F1023F /* Images.xcassets in Resources */ = {isa = PBXBuildFile; fileRef = 0E86705D1947F8C200F1023F /* Images.xcassets */; };
		0E8670651947F8C200F1023F /* XCTest.framework in Frameworks */ = {isa = PBXBuildFile; fileRef = 0E8670641947F8C200F1023F /* XCTest.framework */; };
		0E8670661947F8C200F1023F /* Foundation.framework in Frameworks */ = {isa = PBXBuildFile; fileRef = 0E86704B1947F8C200F1023F /* Foundation.framework */; };
		0E8670671947F8C200F1023F /* UIKit.framework in Frameworks */ = {isa = PBXBuildFile; fileRef = 0E86704F1947F8C200F1023F /* UIKit.framework */; };
		0E86706F1947F8C200F1023F /* InfoPlist.strings in Resources */ = {isa = PBXBuildFile; fileRef = 0E86706D1947F8C200F1023F /* InfoPlist.strings */; };
		0E8670711947F8C200F1023F /* Coins_LiveTests.m in Sources */ = {isa = PBXBuildFile; fileRef = 0E8670701947F8C200F1023F /* Coins_LiveTests.m */; };
/* End PBXBuildFile section */

/* Begin PBXContainerItemProxy section */
		0E8670681947F8C200F1023F /* PBXContainerItemProxy */ = {
			isa = PBXContainerItemProxy;
			containerPortal = 0E8670401947F8C100F1023F /* Project object */;
			proxyType = 1;
			remoteGlobalIDString = 0E8670471947F8C100F1023F;
			remoteInfo = "Coins Live";
		};
/* End PBXContainerItemProxy section */

/* Begin PBXFileReference section */
		0E8670481947F8C100F1023F /* Coins Live.app */ = {isa = PBXFileReference; explicitFileType = wrapper.application; includeInIndex = 0; path = "Coins Live.app"; sourceTree = BUILT_PRODUCTS_DIR; };
		0E86704B1947F8C200F1023F /* Foundation.framework */ = {isa = PBXFileReference; lastKnownFileType = wrapper.framework; name = Foundation.framework; path = System/Library/Frameworks/Foundation.framework; sourceTree = SDKROOT; };
		0E86704D1947F8C200F1023F /* CoreGraphics.framework */ = {isa = PBXFileReference; lastKnownFileType = wrapper.framework; name = CoreGraphics.framework; path = System/Library/Frameworks/CoreGraphics.framework; sourceTree = SDKROOT; };
		0E86704F1947F8C200F1023F /* UIKit.framework */ = {isa = PBXFileReference; lastKnownFileType = wrapper.framework; name = UIKit.framework; path = System/Library/Frameworks/UIKit.framework; sourceTree = SDKROOT; };
		0E8670531947F8C200F1023F /* Coins Live-Info.plist */ = {isa = PBXFileReference; lastKnownFileType = text.plist.xml; path = "Coins Live-Info.plist"; sourceTree = "<group>"; };
		0E8670551947F8C200F1023F /* en */ = {isa = PBXFileReference; lastKnownFileType = text.plist.strings; name = en; path = en.lproj/InfoPlist.strings; sourceTree = "<group>"; };
		0E8670571947F8C200F1023F /* main.m */ = {isa = PBXFileReference; lastKnownFileType = sourcecode.c.objc; path = main.m; sourceTree = "<group>"; };
		0E8670591947F8C200F1023F /* Coins Live-Prefix.pch */ = {isa = PBXFileReference; lastKnownFileType = sourcecode.c.h; path = "Coins Live-Prefix.pch"; sourceTree = "<group>"; };
		0E86705A1947F8C200F1023F /* OAppDelegate.h */ = {isa = PBXFileReference; lastKnownFileType = sourcecode.c.h; path = OAppDelegate.h; sourceTree = "<group>"; };
		0E86705B1947F8C200F1023F /* OAppDelegate.m */ = {isa = PBXFileReference; lastKnownFileType = sourcecode.c.objc; path = OAppDelegate.m; sourceTree = "<group>"; };
		0E86705D1947F8C200F1023F /* Images.xcassets */ = {isa = PBXFileReference; lastKnownFileType = folder.assetcatalog; path = Images.xcassets; sourceTree = "<group>"; };
		0E8670631947F8C200F1023F /* Coins LiveTests.xctest */ = {isa = PBXFileReference; explicitFileType = wrapper.cfbundle; includeInIndex = 0; path = "Coins LiveTests.xctest"; sourceTree = BUILT_PRODUCTS_DIR; };
		0E8670641947F8C200F1023F /* XCTest.framework */ = {isa = PBXFileReference; lastKnownFileType = wrapper.framework; name = XCTest.framework; path = Library/Frameworks/XCTest.framework; sourceTree = DEVELOPER_DIR; };
		0E86706C1947F8C200F1023F /* Coins LiveTests-Info.plist */ = {isa = PBXFileReference; lastKnownFileType = text.plist.xml; path = "Coins LiveTests-Info.plist"; sourceTree = "<group>"; };
		0E86706E1947F8C200F1023F /* en */ = {isa = PBXFileReference; lastKnownFileType = text.plist.strings; name = en; path = en.lproj/InfoPlist.strings; sourceTree = "<group>"; };
		0E8670701947F8C200F1023F /* Coins_LiveTests.m */ = {isa = PBXFileReference; lastKnownFileType = sourcecode.c.objc; path = Coins_LiveTests.m; sourceTree = "<group>"; };
/* End PBXFileReference section */

/* Begin PBXFrameworksBuildPhase section */
		0E8670451947F8C100F1023F /* Frameworks */ = {
			isa = PBXFrameworksBuildPhase;
			buildActionMask = 2147483647;
			files = (
				0E86704E1947F8C200F1023F /* CoreGraphics.framework in Frameworks */,
				0E8670501947F8C200F1023F /* UIKit.framework in Frameworks */,
				0E86704C1947F8C200F1023F /* Foundation.framework in Frameworks */,
			);
			runOnlyForDeploymentPostprocessing = 0;
		};
		0E8670601947F8C200F1023F /* Frameworks */ = {
			isa = PBXFrameworksBuildPhase;
			buildActionMask = 2147483647;
			files = (
				0E8670651947F8C200F1023F /* XCTest.framework in Frameworks */,
				0E8670671947F8C200F1023F /* UIKit.framework in Frameworks */,
				0E8670661947F8C200F1023F /* Foundation.framework in Frameworks */,
			);
			runOnlyForDeploymentPostprocessing = 0;
		};
/* End PBXFrameworksBuildPhase section */

/* Begin PBXGroup section */
		0E86703F1947F8C100F1023F = {
			isa = PBXGroup;
			children = (
				0E8670511947F8C200F1023F /* Coins Live */,
				0E86706A1947F8C200F1023F /* Coins LiveTests */,
				0E86704A1947F8C100F1023F /* Frameworks */,
				0E8670491947F8C100F1023F /* Products */,
			);
			sourceTree = "<group>";
		};
		0E8670491947F8C100F1023F /* Products */ = {
			isa = PBXGroup;
			children = (
				0E8670481947F8C100F1023F /* Coins Live.app */,
				0E8670631947F8C200F1023F /* Coins LiveTests.xctest */,
			);
			name = Products;
			sourceTree = "<group>";
		};
		0E86704A1947F8C100F1023F /* Frameworks */ = {
			isa = PBXGroup;
			children = (
				0E86704B1947F8C200F1023F /* Foundation.framework */,
				0E86704D1947F8C200F1023F /* CoreGraphics.framework */,
				0E86704F1947F8C200F1023F /* UIKit.framework */,
				0E8670641947F8C200F1023F /* XCTest.framework */,
			);
			name = Frameworks;
			sourceTree = "<group>";
		};
		0E8670511947F8C200F1023F /* Coins Live */ = {
			isa = PBXGroup;
			children = (
				0E86705A1947F8C200F1023F /* OAppDelegate.h */,
				0E86705B1947F8C200F1023F /* OAppDelegate.m */,
				0E86705D1947F8C200F1023F /* Images.xcassets */,
				0E8670521947F8C200F1023F /* Supporting Files */,
			);
			path = "Coins Live";
			sourceTree = "<group>";
		};
		0E8670521947F8C200F1023F /* Supporting Files */ = {
			isa = PBXGroup;
			children = (
				0E8670531947F8C200F1023F /* Coins Live-Info.plist */,
				0E8670541947F8C200F1023F /* InfoPlist.strings */,
				0E8670571947F8C200F1023F /* main.m */,
				0E8670591947F8C200F1023F /* Coins Live-Prefix.pch */,
			);
			name = "Supporting Files";
			sourceTree = "<group>";
		};
		0E86706A1947F8C200F1023F /* Coins LiveTests */ = {
			isa = PBXGroup;
			children = (
				0E8670701947F8C200F1023F /* Coins_LiveTests.m */,
				0E86706B1947F8C200F1023F /* Supporting Files */,
			);
			path = "Coins LiveTests";
			sourceTree = "<group>";
		};
		0E86706B1947F8C200F1023F /* Supporting Files */ = {
			isa = PBXGroup;
			children = (
				0E86706C1947F8C200F1023F /* Coins LiveTests-Info.plist */,
				0E86706D1947F8C200F1023F /* InfoPlist.strings */,
			);
			name = "Supporting Files";
			sourceTree = "<group>";
		};
/* End PBXGroup section */

/* Begin PBXNativeTarget section */
		0E8670471947F8C100F1023F /* Coins Live */ = {
			isa = PBXNativeTarget;
			buildConfigurationList = 0E8670741947F8C200F1023F /* Build configuration list for PBXNativeTarget "Coins Live" */;
			buildPhases = (
				0E8670441947F8C100F1023F /* Sources */,
				0E8670451947F8C100F1023F /* Frameworks */,
				0E8670461947F8C100F1023F /* Resources */,
			);
			buildRules = (
			);
			dependencies = (
			);
			name = "Coins Live";
			productName = "Coins Live";
			productReference = 0E8670481947F8C100F1023F /* Coins Live.app */;
			productType = "com.apple.product-type.application";
		};
		0E8670621947F8C200F1023F /* Coins LiveTests */ = {
			isa = PBXNativeTarget;
			buildConfigurationList = 0E8670771947F8C200F1023F /* Build configuration list for PBXNativeTarget "Coins LiveTests" */;
			buildPhases = (
				0E86705F1947F8C200F1023F /* Sources */,
				0E8670601947F8C200F1023F /* Frameworks */,
				0E8670611947F8C200F1023F /* Resources */,
			);
			buildRules = (
			);
			dependencies = (
				0E8670691947F8C200F1023F /* PBXTargetDependency */,
			);
			name = "Coins LiveTests";
			productName = "Coins LiveTests";
			productReference = 0E8670631947F8C200F1023F /* Coins LiveTests.xctest */;
			productType = "com.apple.product-type.bundle.unit-test";
		};
/* End PBXNativeTarget section */

/* Begin PBXProject section */
		0E8670401947F8C100F1023F /* Project object */ = {
			isa = PBXProject;
			attributes = {
				CLASSPREFIX = O;
				LastUpgradeCheck = 0510;
				ORGANIZATIONNAME = O;
				TargetAttributes = {
					0E8670621947F8C200F1023F = {
						TestTargetID = 0E8670471947F8C100F1023F;
					};
				};
			};
			buildConfigurationList = 0E8670431947F8C100F1023F /* Build configuration list for PBXProject "Coins Live" */;
			compatibilityVersion = "Xcode 3.2";
			developmentRegion = English;
			hasScannedForEncodings = 0;
			knownRegions = (
				en,
			);
			mainGroup = 0E86703F1947F8C100F1023F;
			productRefGroup = 0E8670491947F8C100F1023F /* Products */;
			projectDirPath = "";
			projectRoot = "";
			targets = (
				0E8670471947F8C100F1023F /* Coins Live */,
				0E8670621947F8C200F1023F /* Coins LiveTests */,
			);
		};
/* End PBXProject section */

/* Begin PBXResourcesBuildPhase section */
		0E8670461947F8C100F1023F /* Resources */ = {
			isa = PBXResourcesBuildPhase;
			buildActionMask = 2147483647;
			files = (
				0E8670561947F8C200F1023F /* InfoPlist.strings in Resources */,
				0E86705E1947F8C200F1023F /* Images.xcassets in Resources */,
			);
			runOnlyForDeploymentPostprocessing = 0;
		};
		0E8670611947F8C200F1023F /* Resources */ = {
			isa = PBXResourcesBuildPhase;
			buildActionMask = 2147483647;
			files = (
				0E86706F1947F8C200F1023F /* InfoPlist.strings in Resources */,
			);
			runOnlyForDeploymentPostprocessing = 0;
		};
/* End PBXResourcesBuildPhase section */

/* Begin PBXSourcesBuildPhase section */
		0E8670441947F8C100F1023F /* Sources */ = {
			isa = PBXSourcesBuildPhase;
			buildActionMask = 2147483647;
			files = (
				0E86705C1947F8C200F1023F /* OAppDelegate.m in Sources */,
				0E8670581947F8C200F1023F /* main.m in Sources */,
			);
			runOnlyForDeploymentPostprocessing = 0;
		};
		0E86705F1947F8C200F1023F /* Sources */ = {
			isa = PBXSourcesBuildPhase;
			buildActionMask = 2147483647;
			files = (
				0E8670711947F8C200F1023F /* Coins_LiveTests.m in Sources */,
			);
			runOnlyForDeploymentPostprocessing = 0;
		};
/* End PBXSourcesBuildPhase section */

/* Begin PBXTargetDependency section */
		0E8670691947F8C200F1023F /* PBXTargetDependency */ = {
			isa = PBXTargetDependency;
			target = 0E8670471947F8C100F1023F /* Coins Live */;
			targetProxy = 0E8670681947F8C200F1023F /* PBXContainerItemProxy */;
		};
/* End PBXTargetDependency section */

/* Begin PBXVariantGroup section */
		0E8670541947F8C200F1023F /* InfoPlist.strings */ = {
			isa = PBXVariantGroup;
			children = (
				0E8670551947F8C200F1023F /* en */,
			);
			name = InfoPlist.strings;
			sourceTree = "<group>";
		};
		0E86706D1947F8C200F1023F /* InfoPlist.strings */ = {
			isa = PBXVariantGroup;
			children = (
				0E86706E1947F8C200F1023F /* en */,
			);
			name = InfoPlist.strings;
			sourceTree = "<group>";
		};
/* End PBXVariantGroup section */

/* Begin XCBuildConfiguration section */
		0E8670721947F8C200F1023F /* Debug */ = {
			isa = XCBuildConfiguration;
			buildSettings = {
				ALWAYS_SEARCH_USER_PATHS = NO;
				CLANG_CXX_LANGUAGE_STANDARD = "gnu++0x";
				CLANG_CXX_LIBRARY = "libc++";
				CLANG_ENABLE_MODULES = YES;
				CLANG_ENABLE_OBJC_ARC = YES;
				CLANG_WARN_BOOL_CONVERSION = YES;
				CLANG_WARN_CONSTANT_CONVERSION = YES;
				CLANG_WARN_DIRECT_OBJC_ISA_USAGE = YES_ERROR;
				CLANG_WARN_EMPTY_BODY = YES;
				CLANG_WARN_ENUM_CONVERSION = YES;
				CLANG_WARN_INT_CONVERSION = YES;
				CLANG_WARN_OBJC_ROOT_CLASS = YES_ERROR;
				CLANG_WARN__DUPLICATE_METHOD_MATCH = YES;
				"CODE_SIGN_IDENTITY[sdk=iphoneos*]" = "iPhone Developer";
				COPY_PHASE_STRIP = NO;
				GCC_C_LANGUAGE_STANDARD = gnu99;
				GCC_DYNAMIC_NO_PIC = NO;
				GCC_OPTIMIZATION_LEVEL = 0;
				GCC_PREPROCESSOR_DEFINITIONS = (
					"DEBUG=1",
					"$(inherited)",
				);
				GCC_SYMBOLS_PRIVATE_EXTERN = NO;
				GCC_WARN_64_TO_32_BIT_CONVERSION = YES;
				GCC_WARN_ABOUT_RETURN_TYPE = YES_ERROR;
				GCC_WARN_UNDECLARED_SELECTOR = YES;
				GCC_WARN_UNINITIALIZED_AUTOS = YES_AGGRESSIVE;
				GCC_WARN_UNUSED_FUNCTION = YES;
				GCC_WARN_UNUSED_VARIABLE = YES;
				IPHONEOS_DEPLOYMENT_TARGET = 7.1;
				ONLY_ACTIVE_ARCH = YES;
				SDKROOT = iphoneos;
			};
			name = Debug;
		};
		0E8670731947F8C200F1023F /* Release */ = {
			isa = XCBuildConfiguration;
			buildSettings = {
				ALWAYS_SEARCH_USER_PATHS = NO;
				CLANG_CXX_LANGUAGE_STANDARD = "gnu++0x";
				CLANG_CXX_LIBRARY = "libc++";
				CLANG_ENABLE_MODULES = YES;
				CLANG_ENABLE_OBJC_ARC = YES;
				CLANG_WARN_BOOL_CONVERSION = YES;
				CLANG_WARN_CONSTANT_CONVERSION = YES;
				CLANG_WARN_DIRECT_OBJC_ISA_USAGE = YES_ERROR;
				CLANG_WARN_EMPTY_BODY = YES;
				CLANG_WARN_ENUM_CONVERSION = YES;
				CLANG_WARN_INT_CONVERSION = YES;
				CLANG_WARN_OBJC_ROOT_CLASS = YES_ERROR;
				CLANG_WARN__DUPLICATE_METHOD_MATCH = YES;
				"CODE_SIGN_IDENTITY[sdk=iphoneos*]" = "iPhone Developer";
				COPY_PHASE_STRIP = YES;
				ENABLE_NS_ASSERTIONS = NO;
				GCC_C_LANGUAGE_STANDARD = gnu99;
				GCC_WARN_64_TO_32_BIT_CONVERSION = YES;
				GCC_WARN_ABOUT_RETURN_TYPE = YES_ERROR;
				GCC_WARN_UNDECLARED_SELECTOR = YES;
				GCC_WARN_UNINITIALIZED_AUTOS = YES_AGGRESSIVE;
				GCC_WARN_UNUSED_FUNCTION = YES;
				GCC_WARN_UNUSED_VARIABLE = YES;
				IPHONEOS_DEPLOYMENT_TARGET = 7.1;
				SDKROOT = iphoneos;
				VALIDATE_PRODUCT = YES;
			};
			name = Release;
		};
		0E8670751947F8C200F1023F /* Debug */ = {
			isa = XCBuildConfiguration;
			buildSettings = {
				ASSETCATALOG_COMPILER_APPICON_NAME = AppIcon;
				ASSETCATALOG_COMPILER_LAUNCHIMAGE_NAME = LaunchImage;
				GCC_PRECOMPILE_PREFIX_HEADER = YES;
				GCC_PREFIX_HEADER = "Coins Live/Coins Live-Prefix.pch";
				INFOPLIST_FILE = "Coins Live/Coins Live-Info.plist";
				PRODUCT_NAME = "$(TARGET_NAME)";
				WRAPPER_EXTENSION = app;
			};
			name = Debug;
		};
		0E8670761947F8C200F1023F /* Release */ = {
			isa = XCBuildConfiguration;
			buildSettings = {
				ASSETCATALOG_COMPILER_APPICON_NAME = AppIcon;
				ASSETCATALOG_COMPILER_LAUNCHIMAGE_NAME = LaunchImage;
				GCC_PRECOMPILE_PREFIX_HEADER = YES;
				GCC_PREFIX_HEADER = "Coins Live/Coins Live-Prefix.pch";
				INFOPLIST_FILE = "Coins Live/Coins Live-Info.plist";
				PRODUCT_NAME = "$(TARGET_NAME)";
				WRAPPER_EXTENSION = app;
			};
			name = Release;
		};
		0E8670781947F8C200F1023F /* Debug */ = {
			isa = XCBuildConfiguration;
			buildSettings = {
				BUNDLE_LOADER = "$(BUILT_PRODUCTS_DIR)/Coins Live.app/Coins Live";
				FRAMEWORK_SEARCH_PATHS = (
					"$(SDKROOT)/Developer/Library/Frameworks",
					"$(inherited)",
					"$(DEVELOPER_FRAMEWORKS_DIR)",
				);
				GCC_PRECOMPILE_PREFIX_HEADER = YES;
				GCC_PREFIX_HEADER = "Coins Live/Coins Live-Prefix.pch";
				GCC_PREPROCESSOR_DEFINITIONS = (
					"DEBUG=1",
					"$(inherited)",
				);
				INFOPLIST_FILE = "Coins LiveTests/Coins LiveTests-Info.plist";
				PRODUCT_NAME = "$(TARGET_NAME)";
				TEST_HOST = "$(BUNDLE_LOADER)";
				WRAPPER_EXTENSION = xctest;
			};
			name = Debug;
		};
		0E8670791947F8C200F1023F /* Release */ = {
			isa = XCBuildConfiguration;
			buildSettings = {
				BUNDLE_LOADER = "$(BUILT_PRODUCTS_DIR)/Coins Live.app/Coins Live";
				FRAMEWORK_SEARCH_PATHS = (
					"$(SDKROOT)/Developer/Library/Frameworks",
					"$(inherited)",
					"$(DEVELOPER_FRAMEWORKS_DIR)",
				);
				GCC_PRECOMPILE_PREFIX_HEADER = YES;
				GCC_PREFIX_HEADER = "Coins Live/Coins Live-Prefix.pch";
				INFOPLIST_FILE = "Coins LiveTests/Coins LiveTests-Info.plist";
				PRODUCT_NAME = "$(TARGET_NAME)";
				TEST_HOST = "$(BUNDLE_LOADER)";
				WRAPPER_EXTENSION = xctest;
			};
			name = Release;
		};
/* End XCBuildConfiguration section */

/* Begin XCConfigurationList section */
		0E8670431947F8C100F1023F /* Build configuration list for PBXProject "Coins Live" */ = {
			isa = XCConfigurationList;
			buildConfigurations = (
				0E8670721947F8C200F1023F /* Debug */,
				0E8670731947F8C200F1023F /* Release */,
			);
			defaultConfigurationIsVisible = 0;
			defaultConfigurationName = Release;
		};
		0E8670741947F8C200F1023F /* Build configuration list for PBXNativeTarget "Coins Live" */ = {
			isa = XCConfigurationList;
			buildConfigurations = (
				0E8670751947F8C200F1023F /* Debug */,
				0E8670761947F8C200F1023F /* Release */,
			);
			defaultConfigurationIsVisible = 0;
		};
		0E8670771947F8C200F1023F /* Build configuration list for PBXNativeTarget "Coins LiveTests" */ = {
			isa = XCConfigurationList;
			buildConfigurations = (
				0E8670781947F8C200F1023F /* Debug */,
				0E8670791947F8C200F1023F /* Release */,
			);
			defaultConfigurationIsVisible = 0;
		};
/* End XCConfigurationList section */
	};
	rootObject = 0E8670401947F8C100F1023F /* Project object */;
}
