// !$*UTF8*$!
{
	archiveVersion = 1;
	classes = {
	};
	objectVersion = 46;
	objects = {

/* Begin PBXBuildFile section */
		0E00FE5D1978D9F200E9AA32 /* PriceGraph.m in Sources */ = {isa = PBXBuildFile; fileRef = 0E00FE5C1978D9F200E9AA32 /* PriceGraph.m */; };
		0E00FE601978D9FB00E9AA32 /* TickerCell.m in Sources */ = {isa = PBXBuildFile; fileRef = 0E00FE5F1978D9FB00E9AA32 /* TickerCell.m */; };
		0E00FE631978DA0300E9AA32 /* Ticker.m in Sources */ = {isa = PBXBuildFile; fileRef = 0E00FE621978DA0300E9AA32 /* Ticker.m */; };
		0E00FE661978DA0D00E9AA32 /* PercentChange.m in Sources */ = {isa = PBXBuildFile; fileRef = 0E00FE651978DA0D00E9AA32 /* PercentChange.m */; };
		0E1D73E3195C989800548328 /* MarketCell.m in Sources */ = {isa = PBXBuildFile; fileRef = 0E1D73E2195C989800548328 /* MarketCell.m */; };
		0E1D73E6195F043300548328 /* AddMarketsViewController.m in Sources */ = {isa = PBXBuildFile; fileRef = 0E1D73E5195F043300548328 /* AddMarketsViewController.m */; };
		0E23480619492D1800B60AA6 /* iPhone.storyboard in Resources */ = {isa = PBXBuildFile; fileRef = 0E23480519492D1800B60AA6 /* iPhone.storyboard */; };
		0E86704C1947F8C200F1023F /* Foundation.framework in Frameworks */ = {isa = PBXBuildFile; fileRef = 0E86704B1947F8C200F1023F /* Foundation.framework */; };
		0E86704E1947F8C200F1023F /* CoreGraphics.framework in Frameworks */ = {isa = PBXBuildFile; fileRef = 0E86704D1947F8C200F1023F /* CoreGraphics.framework */; };
		0E8670501947F8C200F1023F /* UIKit.framework in Frameworks */ = {isa = PBXBuildFile; fileRef = 0E86704F1947F8C200F1023F /* UIKit.framework */; };
		0E8670561947F8C200F1023F /* InfoPlist.strings in Resources */ = {isa = PBXBuildFile; fileRef = 0E8670541947F8C200F1023F /* InfoPlist.strings */; };
		0E8670581947F8C200F1023F /* main.m in Sources */ = {isa = PBXBuildFile; fileRef = 0E8670571947F8C200F1023F /* main.m */; };
		0E86705C1947F8C200F1023F /* OFAppDelegate.m in Sources */ = {isa = PBXBuildFile; fileRef = 0E86705B1947F8C200F1023F /* OFAppDelegate.m */; };
		0E86705E1947F8C200F1023F /* Images.xcassets in Resources */ = {isa = PBXBuildFile; fileRef = 0E86705D1947F8C200F1023F /* Images.xcassets */; };
		0E8670651947F8C200F1023F /* XCTest.framework in Frameworks */ = {isa = PBXBuildFile; fileRef = 0E8670641947F8C200F1023F /* XCTest.framework */; };
		0E8670661947F8C200F1023F /* Foundation.framework in Frameworks */ = {isa = PBXBuildFile; fileRef = 0E86704B1947F8C200F1023F /* Foundation.framework */; };
		0E8670671947F8C200F1023F /* UIKit.framework in Frameworks */ = {isa = PBXBuildFile; fileRef = 0E86704F1947F8C200F1023F /* UIKit.framework */; };
		0E86706F1947F8C200F1023F /* InfoPlist.strings in Resources */ = {isa = PBXBuildFile; fileRef = 0E86706D1947F8C200F1023F /* InfoPlist.strings */; };
		0E8670711947F8C200F1023F /* Coins_LiveTests.m in Sources */ = {isa = PBXBuildFile; fileRef = 0E8670701947F8C200F1023F /* Coins_LiveTests.m */; };
		0ED205C91947FA93002FF6C7 /* OFMarketData.m in Sources */ = {isa = PBXBuildFile; fileRef = 0ED205C81947FA93002FF6C7 /* OFMarketData.m */; };
		0ED205CA1947FA93002FF6C7 /* OFMarketData.m in Sources */ = {isa = PBXBuildFile; fileRef = 0ED205C81947FA93002FF6C7 /* OFMarketData.m */; };
		0ED205D01947FCDD002FF6C7 /* Market.m in Sources */ = {isa = PBXBuildFile; fileRef = 0ED205CF1947FCDD002FF6C7 /* Market.m */; };
		0ED205D11947FCDD002FF6C7 /* Market.m in Sources */ = {isa = PBXBuildFile; fileRef = 0ED205CF1947FCDD002FF6C7 /* Market.m */; };
		0ED205D41947FF4D002FF6C7 /* PricePoint.m in Sources */ = {isa = PBXBuildFile; fileRef = 0ED205D31947FF4D002FF6C7 /* PricePoint.m */; };
		0ED205D51947FF4D002FF6C7 /* PricePoint.m in Sources */ = {isa = PBXBuildFile; fileRef = 0ED205D31947FF4D002FF6C7 /* PricePoint.m */; };
		0ED205D81947FF6D002FF6C7 /* TickersController.m in Sources */ = {isa = PBXBuildFile; fileRef = 0ED205D71947FF6D002FF6C7 /* TickersController.m */; };
		0ED205D91947FF6D002FF6C7 /* TickersController.m in Sources */ = {isa = PBXBuildFile; fileRef = 0ED205D71947FF6D002FF6C7 /* TickersController.m */; };
		0EF9BE85195C684B00E67FF4 /* EditMarketsViewController.m in Sources */ = {isa = PBXBuildFile; fileRef = 0EF9BE84195C684B00E67FF4 /* EditMarketsViewController.m */; };
		6C4BC82422F04FF88EF97FF8 /* libPods.a in Frameworks */ = {isa = PBXBuildFile; fileRef = A6A87EF0F8464D9493E2AD1E /* libPods.a */; };
/* End PBXBuildFile section */

/* Begin PBXContainerItemProxy section */
		0E8670681947F8C200F1023F /* PBXContainerItemProxy */ = {
			isa = PBXContainerItemProxy;
			containerPortal = 0E8670401947F8C100F1023F /* Project object */;
			proxyType = 1;
			remoteGlobalIDString = 0E8670471947F8C100F1023F;
			remoteInfo = "Coins Live";
		};
/* End PBXContainerItemProxy section */

/* Begin PBXFileReference section */
		0E00FE5B1978D9F200E9AA32 /* PriceGraph.h */ = {isa = PBXFileReference; fileEncoding = 4; lastKnownFileType = sourcecode.c.h; path = PriceGraph.h; sourceTree = "<group>"; };
		0E00FE5C1978D9F200E9AA32 /* PriceGraph.m */ = {isa = PBXFileReference; fileEncoding = 4; lastKnownFileType = sourcecode.c.objc; path = PriceGraph.m; sourceTree = "<group>"; };
		0E00FE5E1978D9FB00E9AA32 /* TickerCell.h */ = {isa = PBXFileReference; fileEncoding = 4; lastKnownFileType = sourcecode.c.h; path = TickerCell.h; sourceTree = "<group>"; };
		0E00FE5F1978D9FB00E9AA32 /* TickerCell.m */ = {isa = PBXFileReference; fileEncoding = 4; lastKnownFileType = sourcecode.c.objc; path = TickerCell.m; sourceTree = "<group>"; };
		0E00FE611978DA0300E9AA32 /* Ticker.h */ = {isa = PBXFileReference; fileEncoding = 4; lastKnownFileType = sourcecode.c.h; path = Ticker.h; sourceTree = "<group>"; };
		0E00FE621978DA0300E9AA32 /* Ticker.m */ = {isa = PBXFileReference; fileEncoding = 4; lastKnownFileType = sourcecode.c.objc; path = Ticker.m; sourceTree = "<group>"; };
		0E00FE641978DA0D00E9AA32 /* PercentChange.h */ = {isa = PBXFileReference; fileEncoding = 4; lastKnownFileType = sourcecode.c.h; path = PercentChange.h; sourceTree = "<group>"; };
		0E00FE651978DA0D00E9AA32 /* PercentChange.m */ = {isa = PBXFileReference; fileEncoding = 4; lastKnownFileType = sourcecode.c.objc; path = PercentChange.m; sourceTree = "<group>"; };
		0E1D73E1195C989800548328 /* MarketCell.h */ = {isa = PBXFileReference; fileEncoding = 4; lastKnownFileType = sourcecode.c.h; path = MarketCell.h; sourceTree = "<group>"; };
		0E1D73E2195C989800548328 /* MarketCell.m */ = {isa = PBXFileReference; fileEncoding = 4; lastKnownFileType = sourcecode.c.objc; path = MarketCell.m; sourceTree = "<group>"; };
		0E1D73E4195F043300548328 /* AddMarketsViewController.h */ = {isa = PBXFileReference; fileEncoding = 4; lastKnownFileType = sourcecode.c.h; path = AddMarketsViewController.h; sourceTree = "<group>"; };
		0E1D73E5195F043300548328 /* AddMarketsViewController.m */ = {isa = PBXFileReference; fileEncoding = 4; lastKnownFileType = sourcecode.c.objc; path = AddMarketsViewController.m; sourceTree = "<group>"; };
		0E23480519492D1800B60AA6 /* iPhone.storyboard */ = {isa = PBXFileReference; fileEncoding = 4; lastKnownFileType = file.storyboard; path = iPhone.storyboard; sourceTree = "<group>"; };
		0E8670481947F8C100F1023F /* Coins Live.app */ = {isa = PBXFileReference; explicitFileType = wrapper.application; includeInIndex = 0; path = "Coins Live.app"; sourceTree = BUILT_PRODUCTS_DIR; };
		0E86704B1947F8C200F1023F /* Foundation.framework */ = {isa = PBXFileReference; lastKnownFileType = wrapper.framework; name = Foundation.framework; path = System/Library/Frameworks/Foundation.framework; sourceTree = SDKROOT; };
		0E86704D1947F8C200F1023F /* CoreGraphics.framework */ = {isa = PBXFileReference; lastKnownFileType = wrapper.framework; name = CoreGraphics.framework; path = System/Library/Frameworks/CoreGraphics.framework; sourceTree = SDKROOT; };
		0E86704F1947F8C200F1023F /* UIKit.framework */ = {isa = PBXFileReference; lastKnownFileType = wrapper.framework; name = UIKit.framework; path = System/Library/Frameworks/UIKit.framework; sourceTree = SDKROOT; };
		0E8670531947F8C200F1023F /* Coins Live-Info.plist */ = {isa = PBXFileReference; lastKnownFileType = text.plist.xml; path = "Coins Live-Info.plist"; sourceTree = "<group>"; };
		0E8670551947F8C200F1023F /* en */ = {isa = PBXFileReference; lastKnownFileType = text.plist.strings; name = en; path = en.lproj/InfoPlist.strings; sourceTree = "<group>"; };
		0E8670571947F8C200F1023F /* main.m */ = {isa = PBXFileReference; lastKnownFileType = sourcecode.c.objc; path = main.m; sourceTree = "<group>"; };
		0E8670591947F8C200F1023F /* Coins Live-Prefix.pch */ = {isa = PBXFileReference; lastKnownFileType = sourcecode.c.h; path = "Coins Live-Prefix.pch"; sourceTree = "<group>"; };
		0E86705A1947F8C200F1023F /* OFAppDelegate.h */ = {isa = PBXFileReference; lastKnownFileType = sourcecode.c.h; path = OFAppDelegate.h; sourceTree = "<group>"; };
		0E86705B1947F8C200F1023F /* OFAppDelegate.m */ = {isa = PBXFileReference; lastKnownFileType = sourcecode.c.objc; path = OFAppDelegate.m; sourceTree = "<group>"; };
		0E86705D1947F8C200F1023F /* Images.xcassets */ = {isa = PBXFileReference; lastKnownFileType = folder.assetcatalog; path = Images.xcassets; sourceTree = "<group>"; };
		0E8670631947F8C200F1023F /* Coins LiveTests.xctest */ = {isa = PBXFileReference; explicitFileType = wrapper.cfbundle; includeInIndex = 0; path = "Coins LiveTests.xctest"; sourceTree = BUILT_PRODUCTS_DIR; };
		0E8670641947F8C200F1023F /* XCTest.framework */ = {isa = PBXFileReference; lastKnownFileType = wrapper.framework; name = XCTest.framework; path = Library/Frameworks/XCTest.framework; sourceTree = DEVELOPER_DIR; };
		0E86706C1947F8C200F1023F /* Coins LiveTests-Info.plist */ = {isa = PBXFileReference; lastKnownFileType = text.plist.xml; path = "Coins LiveTests-Info.plist"; sourceTree = "<group>"; };
		0E86706E1947F8C200F1023F /* en */ = {isa = PBXFileReference; lastKnownFileType = text.plist.strings; name = en; path = en.lproj/InfoPlist.strings; sourceTree = "<group>"; };
		0E8670701947F8C200F1023F /* Coins_LiveTests.m */ = {isa = PBXFileReference; lastKnownFileType = sourcecode.c.objc; path = Coins_LiveTests.m; sourceTree = "<group>"; };
		0ED205C71947FA93002FF6C7 /* OFMarketData.h */ = {isa = PBXFileReference; fileEncoding = 4; lastKnownFileType = sourcecode.c.h; path = OFMarketData.h; sourceTree = "<group>"; };
		0ED205C81947FA93002FF6C7 /* OFMarketData.m */ = {isa = PBXFileReference; fileEncoding = 4; lastKnownFileType = sourcecode.c.objc; path = OFMarketData.m; sourceTree = "<group>"; };
		0ED205CE1947FCDD002FF6C7 /* Market.h */ = {isa = PBXFileReference; fileEncoding = 4; lastKnownFileType = sourcecode.c.h; path = Market.h; sourceTree = "<group>"; };
		0ED205CF1947FCDD002FF6C7 /* Market.m */ = {isa = PBXFileReference; fileEncoding = 4; lastKnownFileType = sourcecode.c.objc; path = Market.m; sourceTree = "<group>"; };
		0ED205D21947FF4D002FF6C7 /* PricePoint.h */ = {isa = PBXFileReference; fileEncoding = 4; lastKnownFileType = sourcecode.c.h; path = PricePoint.h; sourceTree = "<group>"; };
		0ED205D31947FF4D002FF6C7 /* PricePoint.m */ = {isa = PBXFileReference; fileEncoding = 4; lastKnownFileType = sourcecode.c.objc; path = PricePoint.m; sourceTree = "<group>"; };
		0ED205D61947FF6D002FF6C7 /* TickersController.h */ = {isa = PBXFileReference; fileEncoding = 4; lastKnownFileType = sourcecode.c.h; path = TickersController.h; sourceTree = "<group>"; };
		0ED205D71947FF6D002FF6C7 /* TickersController.m */ = {isa = PBXFileReference; fileEncoding = 4; lastKnownFileType = sourcecode.c.objc; path = TickersController.m; sourceTree = "<group>"; };
		0EF9BE83195C684B00E67FF4 /* EditMarketsViewController.h */ = {isa = PBXFileReference; fileEncoding = 4; lastKnownFileType = sourcecode.c.h; path = EditMarketsViewController.h; sourceTree = "<group>"; };
		0EF9BE84195C684B00E67FF4 /* EditMarketsViewController.m */ = {isa = PBXFileReference; fileEncoding = 4; lastKnownFileType = sourcecode.c.objc; path = EditMarketsViewController.m; sourceTree = "<group>"; };
		A6A87EF0F8464D9493E2AD1E /* libPods.a */ = {isa = PBXFileReference; explicitFileType = archive.ar; includeInIndex = 0; path = libPods.a; sourceTree = BUILT_PRODUCTS_DIR; };
		E822DFE78256412782CCF3E0 /* Pods.xcconfig */ = {isa = PBXFileReference; includeInIndex = 1; lastKnownFileType = text.xcconfig; name = Pods.xcconfig; path = Pods/Pods.xcconfig; sourceTree = "<group>"; };
/* End PBXFileReference section */

/* Begin PBXFrameworksBuildPhase section */
		0E8670451947F8C100F1023F /* Frameworks */ = {
			isa = PBXFrameworksBuildPhase;
			buildActionMask = 2147483647;
			files = (
				0E86704E1947F8C200F1023F /* CoreGraphics.framework in Frameworks */,
				0E8670501947F8C200F1023F /* UIKit.framework in Frameworks */,
				0E86704C1947F8C200F1023F /* Foundation.framework in Frameworks */,
				6C4BC82422F04FF88EF97FF8 /* libPods.a in Frameworks */,
			);
			runOnlyForDeploymentPostprocessing = 0;
		};
		0E8670601947F8C200F1023F /* Frameworks */ = {
			isa = PBXFrameworksBuildPhase;
			buildActionMask = 2147483647;
			files = (
				0E8670651947F8C200F1023F /* XCTest.framework in Frameworks */,
				0E8670671947F8C200F1023F /* UIKit.framework in Frameworks */,
				0E8670661947F8C200F1023F /* Foundation.framework in Frameworks */,
			);
			runOnlyForDeploymentPostprocessing = 0;
		};
/* End PBXFrameworksBuildPhase section */

/* Begin PBXGroup section */
		0E86703F1947F8C100F1023F = {
			isa = PBXGroup;
			children = (
				0E8670511947F8C200F1023F /* Coins Live */,
				0E86706A1947F8C200F1023F /* Coins LiveTests */,
				0E86704A1947F8C100F1023F /* Frameworks */,
				0E8670491947F8C100F1023F /* Products */,
				E822DFE78256412782CCF3E0 /* Pods.xcconfig */,
			);
			sourceTree = "<group>";
		};
		0E8670491947F8C100F1023F /* Products */ = {
			isa = PBXGroup;
			children = (
				0E8670481947F8C100F1023F /* Coins Live.app */,
				0E8670631947F8C200F1023F /* Coins LiveTests.xctest */,
			);
			name = Products;
			sourceTree = "<group>";
		};
		0E86704A1947F8C100F1023F /* Frameworks */ = {
			isa = PBXGroup;
			children = (
				0E86704B1947F8C200F1023F /* Foundation.framework */,
				0E86704D1947F8C200F1023F /* CoreGraphics.framework */,
				0E86704F1947F8C200F1023F /* UIKit.framework */,
				0E8670641947F8C200F1023F /* XCTest.framework */,
				A6A87EF0F8464D9493E2AD1E /* libPods.a */,
			);
			name = Frameworks;
			sourceTree = "<group>";
		};
		0E8670511947F8C200F1023F /* Coins Live */ = {
			isa = PBXGroup;
			children = (
				0E86705A1947F8C200F1023F /* OFAppDelegate.h */,
				0E86705B1947F8C200F1023F /* OFAppDelegate.m */,
				0E23480519492D1800B60AA6 /* iPhone.storyboard */,
				0ED205C61947FA69002FF6C7 /* Controllers */,
				0ED205C41947FA53002FF6C7 /* Models */,
				0ED205C51947FA65002FF6C7 /* Views */,
				0E86705D1947F8C200F1023F /* Images.xcassets */,
				0E8670521947F8C200F1023F /* Supporting Files */,
			);
			path = "Coins Live";
			sourceTree = "<group>";
		};
		0E8670521947F8C200F1023F /* Supporting Files */ = {
			isa = PBXGroup;
			children = (
				0E8670531947F8C200F1023F /* Coins Live-Info.plist */,
				0E8670541947F8C200F1023F /* InfoPlist.strings */,
				0E8670571947F8C200F1023F /* main.m */,
				0E8670591947F8C200F1023F /* Coins Live-Prefix.pch */,
			);
			name = "Supporting Files";
			sourceTree = "<group>";
		};
		0E86706A1947F8C200F1023F /* Coins LiveTests */ = {
			isa = PBXGroup;
			children = (
				0E8670701947F8C200F1023F /* Coins_LiveTests.m */,
				0E86706B1947F8C200F1023F /* Supporting Files */,
			);
			path = "Coins LiveTests";
			sourceTree = "<group>";
		};
		0E86706B1947F8C200F1023F /* Supporting Files */ = {
			isa = PBXGroup;
			children = (
				0E86706C1947F8C200F1023F /* Coins LiveTests-Info.plist */,
				0E86706D1947F8C200F1023F /* InfoPlist.strings */,
			);
			name = "Supporting Files";
			sourceTree = "<group>";
		};
		0ED205C41947FA53002FF6C7 /* Models */ = {
			isa = PBXGroup;
			children = (
				0ED205C71947FA93002FF6C7 /* OFMarketData.h */,
				0ED205C81947FA93002FF6C7 /* OFMarketData.m */,
				0ED205CE1947FCDD002FF6C7 /* Market.h */,
				0ED205CF1947FCDD002FF6C7 /* Market.m */,
				0ED205D21947FF4D002FF6C7 /* PricePoint.h */,
				0ED205D31947FF4D002FF6C7 /* PricePoint.m */,
			);
			name = Models;
			sourceTree = "<group>";
		};
		0ED205C51947FA65002FF6C7 /* Views */ = {
			isa = PBXGroup;
			children = (
				0E00FE5B1978D9F200E9AA32 /* PriceGraph.h */,
				0E00FE5C1978D9F200E9AA32 /* PriceGraph.m */,
				0E00FE5E1978D9FB00E9AA32 /* TickerCell.h */,
				0E00FE5F1978D9FB00E9AA32 /* TickerCell.m */,
				0E00FE611978DA0300E9AA32 /* Ticker.h */,
				0E00FE621978DA0300E9AA32 /* Ticker.m */,
				0E00FE641978DA0D00E9AA32 /* PercentChange.h */,
				0E00FE651978DA0D00E9AA32 /* PercentChange.m */,
				0E1D73E1195C989800548328 /* MarketCell.h */,
				0E1D73E2195C989800548328 /* MarketCell.m */,
			);
			name = Views;
			sourceTree = "<group>";
		};
		0ED205C61947FA69002FF6C7 /* Controllers */ = {
			isa = PBXGroup;
			children = (
				0ED205D61947FF6D002FF6C7 /* TickersController.h */,
				0ED205D71947FF6D002FF6C7 /* TickersController.m */,
				0EF9BE83195C684B00E67FF4 /* EditMarketsViewController.h */,
				0EF9BE84195C684B00E67FF4 /* EditMarketsViewController.m */,
				0E1D73E4195F043300548328 /* AddMarketsViewController.h */,
				0E1D73E5195F043300548328 /* AddMarketsViewController.m */,
			);
			name = Controllers;
			sourceTree = "<group>";
		};
/* End PBXGroup section */

/* Begin PBXNativeTarget section */
		0E8670471947F8C100F1023F /* Coins Live */ = {
			isa = PBXNativeTarget;
			buildConfigurationList = 0E8670741947F8C200F1023F /* Build configuration list for PBXNativeTarget "Coins Live" */;
			buildPhases = (
				569819D456C8474AAFB2BE11 /* Check Pods Manifest.lock */,
				0E8670441947F8C100F1023F /* Sources */,
				0E8670451947F8C100F1023F /* Frameworks */,
				0E8670461947F8C100F1023F /* Resources */,
				7ABC8C3907A34C278707B97F /* Copy Pods Resources */,
			);
			buildRules = (
			);
			dependencies = (
			);
			name = "Coins Live";
			productName = "Coins Live";
			productReference = 0E8670481947F8C100F1023F /* Coins Live.app */;
			productType = "com.apple.product-type.application";
		};
		0E8670621947F8C200F1023F /* Coins LiveTests */ = {
			isa = PBXNativeTarget;
			buildConfigurationList = 0E8670771947F8C200F1023F /* Build configuration list for PBXNativeTarget "Coins LiveTests" */;
			buildPhases = (
				0E86705F1947F8C200F1023F /* Sources */,
				0E8670601947F8C200F1023F /* Frameworks */,
				0E8670611947F8C200F1023F /* Resources */,
			);
			buildRules = (
			);
			dependencies = (
				0E8670691947F8C200F1023F /* PBXTargetDependency */,
			);
			name = "Coins LiveTests";
			productName = "Coins LiveTests";
			productReference = 0E8670631947F8C200F1023F /* Coins LiveTests.xctest */;
			productType = "com.apple.product-type.bundle.unit-test";
		};
/* End PBXNativeTarget section */

/* Begin PBXProject section */
		0E8670401947F8C100F1023F /* Project object */ = {
			isa = PBXProject;
			attributes = {
				CLASSPREFIX = O;
				LastUpgradeCheck = 0510;
				ORGANIZATIONNAME = O;
				TargetAttributes = {
					0E8670471947F8C100F1023F = {
						DevelopmentTeam = QBPVDE2CDG;
					};
					0E8670621947F8C200F1023F = {
						TestTargetID = 0E8670471947F8C100F1023F;
					};
				};
			};
			buildConfigurationList = 0E8670431947F8C100F1023F /* Build configuration list for PBXProject "Coins Live" */;
			compatibilityVersion = "Xcode 3.2";
			developmentRegion = English;
			hasScannedForEncodings = 0;
			knownRegions = (
				en,
			);
			mainGroup = 0E86703F1947F8C100F1023F;
			productRefGroup = 0E8670491947F8C100F1023F /* Products */;
			projectDirPath = "";
			projectRoot = "";
			targets = (
				0E8670471947F8C100F1023F /* Coins Live */,
				0E8670621947F8C200F1023F /* Coins LiveTests */,
			);
		};
/* End PBXProject section */

/* Begin PBXResourcesBuildPhase section */
		0E8670461947F8C100F1023F /* Resources */ = {
			isa = PBXResourcesBuildPhase;
			buildActionMask = 2147483647;
			files = (
				0E8670561947F8C200F1023F /* InfoPlist.strings in Resources */,
				0E23480619492D1800B60AA6 /* iPhone.storyboard in Resources */,
				0E86705E1947F8C200F1023F /* Images.xcassets in Resources */,
			);
			runOnlyForDeploymentPostprocessing = 0;
		};
		0E8670611947F8C200F1023F /* Resources */ = {
			isa = PBXResourcesBuildPhase;
			buildActionMask = 2147483647;
			files = (
				0E86706F1947F8C200F1023F /* InfoPlist.strings in Resources */,
			);
			runOnlyForDeploymentPostprocessing = 0;
		};
/* End PBXResourcesBuildPhase section */

/* Begin PBXShellScriptBuildPhase section */
		569819D456C8474AAFB2BE11 /* Check Pods Manifest.lock */ = {
			isa = PBXShellScriptBuildPhase;
			buildActionMask = 2147483647;
			files = (
			);
			inputPaths = (
			);
			name = "Check Pods Manifest.lock";
			outputPaths = (
			);
			runOnlyForDeploymentPostprocessing = 0;
			shellPath = /bin/sh;
			shellScript = "diff \"${PODS_ROOT}/../Podfile.lock\" \"${PODS_ROOT}/Manifest.lock\" > /dev/null\nif [[ $? != 0 ]] ; then\n    cat << EOM\nerror: The sandbox is not in sync with the Podfile.lock. Run 'pod install' or update your CocoaPods installation.\nEOM\n    exit 1\nfi\n";
			showEnvVarsInLog = 0;
		};
		7ABC8C3907A34C278707B97F /* Copy Pods Resources */ = {
			isa = PBXShellScriptBuildPhase;
			buildActionMask = 2147483647;
			files = (
			);
			inputPaths = (
			);
			name = "Copy Pods Resources";
			outputPaths = (
			);
			runOnlyForDeploymentPostprocessing = 0;
			shellPath = /bin/sh;
			shellScript = "\"${SRCROOT}/Pods/Pods-resources.sh\"\n";
			showEnvVarsInLog = 0;
		};
/* End PBXShellScriptBuildPhase section */

/* Begin PBXSourcesBuildPhase section */
		0E8670441947F8C100F1023F /* Sources */ = {
			isa = PBXSourcesBuildPhase;
			buildActionMask = 2147483647;
			files = (
				0ED205C91947FA93002FF6C7 /* OFMarketData.m in Sources */,
				0ED205D81947FF6D002FF6C7 /* TickersController.m in Sources */,
				0E86705C1947F8C200F1023F /* OFAppDelegate.m in Sources */,
				0EF9BE85195C684B00E67FF4 /* EditMarketsViewController.m in Sources */,
				0E8670581947F8C200F1023F /* main.m in Sources */,
				0ED205D01947FCDD002FF6C7 /* Market.m in Sources */,
				0E1D73E6195F043300548328 /* AddMarketsViewController.m in Sources */,
				0E00FE5D1978D9F200E9AA32 /* PriceGraph.m in Sources */,
				0E00FE631978DA0300E9AA32 /* Ticker.m in Sources */,
				0E00FE601978D9FB00E9AA32 /* TickerCell.m in Sources */,
				0E00FE661978DA0D00E9AA32 /* PercentChange.m in Sources */,
				0ED205D41947FF4D002FF6C7 /* PricePoint.m in Sources */,
				0E1D73E3195C989800548328 /* MarketCell.m in Sources */,
			);
			runOnlyForDeploymentPostprocessing = 0;
		};
		0E86705F1947F8C200F1023F /* Sources */ = {
			isa = PBXSourcesBuildPhase;
			buildActionMask = 2147483647;
			files = (
				0ED205D51947FF4D002FF6C7 /* PricePoint.m in Sources */,
				0ED205D91947FF6D002FF6C7 /* TickersController.m in Sources */,
				0ED205CA1947FA93002FF6C7 /* OFMarketData.m in Sources */,
				0E8670711947F8C200F1023F /* Coins_LiveTests.m in Sources */,
				0ED205D11947FCDD002FF6C7 /* Market.m in Sources */,
			);
			runOnlyForDeploymentPostprocessing = 0;
		};
/* End PBXSourcesBuildPhase section */

/* Begin PBXTargetDependency section */
		0E8670691947F8C200F1023F /* PBXTargetDependency */ = {
			isa = PBXTargetDependency;
			target = 0E8670471947F8C100F1023F /* Coins Live */;
			targetProxy = 0E8670681947F8C200F1023F /* PBXContainerItemProxy */;
		};
/* End PBXTargetDependency section */

/* Begin PBXVariantGroup section */
		0E8670541947F8C200F1023F /* InfoPlist.strings */ = {
			isa = PBXVariantGroup;
			children = (
				0E8670551947F8C200F1023F /* en */,
			);
			name = InfoPlist.strings;
			sourceTree = "<group>";
		};
		0E86706D1947F8C200F1023F /* InfoPlist.strings */ = {
			isa = PBXVariantGroup;
			children = (
				0E86706E1947F8C200F1023F /* en */,
			);
			name = InfoPlist.strings;
			sourceTree = "<group>";
		};
/* End PBXVariantGroup section */

/* Begin XCBuildConfiguration section */
		0E8670721947F8C200F1023F /* Debug */ = {
			isa = XCBuildConfiguration;
			buildSettings = {
				ALWAYS_SEARCH_USER_PATHS = NO;
				CLANG_ANALYZER_SECURITY_FLOATLOOPCOUNTER = YES;
				CLANG_ANALYZER_SECURITY_INSECUREAPI_RAND = YES;
				CLANG_ANALYZER_SECURITY_INSECUREAPI_STRCPY = YES;
				CLANG_CXX_LANGUAGE_STANDARD = "gnu++0x";
				CLANG_CXX_LIBRARY = "libc++";
				CLANG_ENABLE_MODULES = YES;
				CLANG_ENABLE_OBJC_ARC = YES;
				CLANG_WARN_BOOL_CONVERSION = YES;
				CLANG_WARN_CONSTANT_CONVERSION = YES;
				CLANG_WARN_DEPRECATED_OBJC_IMPLEMENTATIONS = YES;
				CLANG_WARN_DIRECT_OBJC_ISA_USAGE = YES_ERROR;
				CLANG_WARN_EMPTY_BODY = YES;
				CLANG_WARN_ENUM_CONVERSION = YES;
				CLANG_WARN_IMPLICIT_SIGN_CONVERSION = YES;
				CLANG_WARN_INT_CONVERSION = YES;
				CLANG_WARN_OBJC_EXPLICIT_OWNERSHIP_TYPE = YES;
				CLANG_WARN_OBJC_IMPLICIT_ATOMIC_PROPERTIES = NO;
				CLANG_WARN_OBJC_IMPLICIT_RETAIN_SELF = YES;
				CLANG_WARN_OBJC_MISSING_PROPERTY_SYNTHESIS = NO;
				CLANG_WARN_OBJC_RECEIVER_WEAK = YES;
				CLANG_WARN_OBJC_REPEATED_USE_OF_WEAK = YES;
				CLANG_WARN_OBJC_ROOT_CLASS = YES_ERROR;
				CLANG_WARN_SUSPICIOUS_IMPLICIT_CONVERSION = YES;
				CLANG_WARN__DUPLICATE_METHOD_MATCH = YES;
				"CODE_SIGN_IDENTITY[sdk=iphoneos*]" = "iPhone Developer";
				COPY_PHASE_STRIP = NO;
				GCC_C_LANGUAGE_STANDARD = gnu99;
				GCC_DYNAMIC_NO_PIC = NO;
				GCC_OPTIMIZATION_LEVEL = 0;
				GCC_PREPROCESSOR_DEFINITIONS = (
					"DEBUG=1",
					"$(inherited)",
				);
				GCC_SYMBOLS_PRIVATE_EXTERN = NO;
				GCC_TREAT_IMPLICIT_FUNCTION_DECLARATIONS_AS_ERRORS = YES;
				GCC_TREAT_INCOMPATIBLE_POINTER_TYPE_WARNINGS_AS_ERRORS = YES;
				GCC_WARN_64_TO_32_BIT_CONVERSION = YES;
				GCC_WARN_ABOUT_MISSING_FIELD_INITIALIZERS = YES;
				GCC_WARN_ABOUT_MISSING_NEWLINE = YES;
				GCC_WARN_ABOUT_MISSING_PROTOTYPES = YES;
				GCC_WARN_ABOUT_RETURN_TYPE = YES_ERROR;
				GCC_WARN_FOUR_CHARACTER_CONSTANTS = YES;
				GCC_WARN_INITIALIZER_NOT_FULLY_BRACKETED = YES;
				GCC_WARN_MULTIPLE_DEFINITION_TYPES_FOR_SELECTOR = YES;
				GCC_WARN_SHADOW = YES;
				GCC_WARN_SIGN_COMPARE = YES;
				GCC_WARN_STRICT_SELECTOR_MATCH = YES;
				GCC_WARN_UNDECLARED_SELECTOR = YES;
				GCC_WARN_UNINITIALIZED_AUTOS = YES_AGGRESSIVE;
				GCC_WARN_UNKNOWN_PRAGMAS = YES;
				GCC_WARN_UNUSED_FUNCTION = YES;
				GCC_WARN_UNUSED_LABEL = YES;
				GCC_WARN_UNUSED_PARAMETER = NO;
				GCC_WARN_UNUSED_VARIABLE = YES;
				IPHONEOS_DEPLOYMENT_TARGET = 7.1;
				ONLY_ACTIVE_ARCH = YES;
				PRODUCT_NAME = "Coins Live";
				PROVISIONING_PROFILE = "DC3DF763-71C8-4942-A5D3-5A8B836960CA";
				SDKROOT = iphoneos;
			};
			name = Debug;
		};
		0E8670731947F8C200F1023F /* Release */ = {
			isa = XCBuildConfiguration;
			buildSettings = {
				ALWAYS_SEARCH_USER_PATHS = NO;
				CLANG_ANALYZER_SECURITY_FLOATLOOPCOUNTER = YES;
				CLANG_ANALYZER_SECURITY_INSECUREAPI_RAND = YES;
				CLANG_ANALYZER_SECURITY_INSECUREAPI_STRCPY = YES;
				CLANG_CXX_LANGUAGE_STANDARD = "gnu++0x";
				CLANG_CXX_LIBRARY = "libc++";
				CLANG_ENABLE_MODULES = YES;
				CLANG_ENABLE_OBJC_ARC = YES;
				CLANG_WARN_BOOL_CONVERSION = YES;
				CLANG_WARN_CONSTANT_CONVERSION = YES;
				CLANG_WARN_DEPRECATED_OBJC_IMPLEMENTATIONS = YES;
				CLANG_WARN_DIRECT_OBJC_ISA_USAGE = YES_ERROR;
				CLANG_WARN_EMPTY_BODY = YES;
				CLANG_WARN_ENUM_CONVERSION = YES;
				CLANG_WARN_IMPLICIT_SIGN_CONVERSION = YES;
				CLANG_WARN_INT_CONVERSION = YES;
				CLANG_WARN_OBJC_EXPLICIT_OWNERSHIP_TYPE = YES;
				CLANG_WARN_OBJC_IMPLICIT_ATOMIC_PROPERTIES = NO;
				CLANG_WARN_OBJC_IMPLICIT_RETAIN_SELF = YES;
				CLANG_WARN_OBJC_MISSING_PROPERTY_SYNTHESIS = NO;
				CLANG_WARN_OBJC_RECEIVER_WEAK = YES;
				CLANG_WARN_OBJC_REPEATED_USE_OF_WEAK = YES;
				CLANG_WARN_OBJC_ROOT_CLASS = YES_ERROR;
				CLANG_WARN_SUSPICIOUS_IMPLICIT_CONVERSION = YES;
				CLANG_WARN__DUPLICATE_METHOD_MATCH = YES;
				"CODE_SIGN_IDENTITY[sdk=iphoneos*]" = "iPhone Developer";
				COPY_PHASE_STRIP = YES;
				ENABLE_NS_ASSERTIONS = NO;
				GCC_C_LANGUAGE_STANDARD = gnu99;
				GCC_TREAT_IMPLICIT_FUNCTION_DECLARATIONS_AS_ERRORS = YES;
				GCC_TREAT_INCOMPATIBLE_POINTER_TYPE_WARNINGS_AS_ERRORS = YES;
				GCC_WARN_64_TO_32_BIT_CONVERSION = YES;
				GCC_WARN_ABOUT_MISSING_FIELD_INITIALIZERS = YES;
				GCC_WARN_ABOUT_MISSING_NEWLINE = YES;
				GCC_WARN_ABOUT_MISSING_PROTOTYPES = YES;
				GCC_WARN_ABOUT_RETURN_TYPE = YES_ERROR;
				GCC_WARN_FOUR_CHARACTER_CONSTANTS = YES;
				GCC_WARN_INITIALIZER_NOT_FULLY_BRACKETED = YES;
				GCC_WARN_MULTIPLE_DEFINITION_TYPES_FOR_SELECTOR = YES;
				GCC_WARN_SHADOW = YES;
				GCC_WARN_SIGN_COMPARE = YES;
				GCC_WARN_STRICT_SELECTOR_MATCH = YES;
				GCC_WARN_UNDECLARED_SELECTOR = YES;
				GCC_WARN_UNINITIALIZED_AUTOS = YES_AGGRESSIVE;
				GCC_WARN_UNKNOWN_PRAGMAS = YES;
				GCC_WARN_UNUSED_FUNCTION = YES;
				GCC_WARN_UNUSED_LABEL = YES;
				GCC_WARN_UNUSED_PARAMETER = NO;
				GCC_WARN_UNUSED_VARIABLE = YES;
				IPHONEOS_DEPLOYMENT_TARGET = 7.1;
				PRODUCT_NAME = "Coins Live";
				PROVISIONING_PROFILE = "DC3DF763-71C8-4942-A5D3-5A8B836960CA";
				SDKROOT = iphoneos;
				VALIDATE_PRODUCT = YES;
			};
			name = Release;
		};
		0E8670751947F8C200F1023F /* Debug */ = {
			isa = XCBuildConfiguration;
			baseConfigurationReference = E822DFE78256412782CCF3E0 /* Pods.xcconfig */;
			buildSettings = {
				ASSETCATALOG_COMPILER_APPICON_NAME = AppIcon;
				ASSETCATALOG_COMPILER_LAUNCHIMAGE_NAME = LaunchImage;
				CODE_SIGN_IDENTITY = "iPhone Developer";
				"CODE_SIGN_IDENTITY[sdk=iphoneos*]" = "iPhone Developer";
				GCC_PRECOMPILE_PREFIX_HEADER = YES;
				GCC_PREFIX_HEADER = "Coins Live/Coins Live-Prefix.pch";
				INFOPLIST_FILE = "Coins Live/Coins Live-Info.plist";
				IPHONEOS_DEPLOYMENT_TARGET = 7.0;
				PRODUCT_NAME = "Coins Live";
				PROVISIONING_PROFILE = "";
				WRAPPER_EXTENSION = app;
			};
			name = Debug;
		};
		0E8670761947F8C200F1023F /* Release */ = {
			isa = XCBuildConfiguration;
			baseConfigurationReference = E822DFE78256412782CCF3E0 /* Pods.xcconfig */;
			buildSettings = {
				ASSETCATALOG_COMPILER_APPICON_NAME = AppIcon;
				ASSETCATALOG_COMPILER_LAUNCHIMAGE_NAME = LaunchImage;
				CODE_SIGN_IDENTITY = "iPhone Developer";
				"CODE_SIGN_IDENTITY[sdk=iphoneos*]" = "iPhone Developer";
				GCC_PRECOMPILE_PREFIX_HEADER = YES;
				GCC_PREFIX_HEADER = "Coins Live/Coins Live-Prefix.pch";
				INFOPLIST_FILE = "Coins Live/Coins Live-Info.plist";
				IPHONEOS_DEPLOYMENT_TARGET = 7.0;
				PRODUCT_NAME = "Coins Live";
				PROVISIONING_PROFILE = "";
				WRAPPER_EXTENSION = app;
			};
			name = Release;
		};
		0E8670781947F8C200F1023F /* Debug */ = {
			isa = XCBuildConfiguration;
			buildSettings = {
				BUNDLE_LOADER = "$(BUILT_PRODUCTS_DIR)/Coins Live.app/Coins Live";
				FRAMEWORK_SEARCH_PATHS = (
					"$(SDKROOT)/Developer/Library/Frameworks",
					"$(inherited)",
					"$(DEVELOPER_FRAMEWORKS_DIR)",
				);
				GCC_PRECOMPILE_PREFIX_HEADER = YES;
				GCC_PREFIX_HEADER = "Coins Live/Coins Live-Prefix.pch";
				GCC_PREPROCESSOR_DEFINITIONS = (
					"DEBUG=1",
					"$(inherited)",
				);
				INFOPLIST_FILE = "Coins LiveTests/Coins LiveTests-Info.plist";
				PRODUCT_NAME = "$(TARGET_NAME)";
				TEST_HOST = "$(BUNDLE_LOADER)";
				WRAPPER_EXTENSION = xctest;
			};
			name = Debug;
		};
		0E8670791947F8C200F1023F /* Release */ = {
			isa = XCBuildConfiguration;
			buildSettings = {
				BUNDLE_LOADER = "$(BUILT_PRODUCTS_DIR)/Coins Live.app/Coins Live";
				FRAMEWORK_SEARCH_PATHS = (
					"$(SDKROOT)/Developer/Library/Frameworks",
					"$(inherited)",
					"$(DEVELOPER_FRAMEWORKS_DIR)",
				);
				GCC_PRECOMPILE_PREFIX_HEADER = YES;
				GCC_PREFIX_HEADER = "Coins Live/Coins Live-Prefix.pch";
				INFOPLIST_FILE = "Coins LiveTests/Coins LiveTests-Info.plist";
				PRODUCT_NAME = "$(TARGET_NAME)";
				TEST_HOST = "$(BUNDLE_LOADER)";
				WRAPPER_EXTENSION = xctest;
			};
			name = Release;
		};
/* End XCBuildConfiguration section */

/* Begin XCConfigurationList section */
		0E8670431947F8C100F1023F /* Build configuration list for PBXProject "Coins Live" */ = {
			isa = XCConfigurationList;
			buildConfigurations = (
				0E8670721947F8C200F1023F /* Debug */,
				0E8670731947F8C200F1023F /* Release */,
			);
			defaultConfigurationIsVisible = 0;
			defaultConfigurationName = Release;
		};
		0E8670741947F8C200F1023F /* Build configuration list for PBXNativeTarget "Coins Live" */ = {
			isa = XCConfigurationList;
			buildConfigurations = (
				0E8670751947F8C200F1023F /* Debug */,
				0E8670761947F8C200F1023F /* Release */,
			);
			defaultConfigurationIsVisible = 0;
			defaultConfigurationName = Release;
		};
		0E8670771947F8C200F1023F /* Build configuration list for PBXNativeTarget "Coins LiveTests" */ = {
			isa = XCConfigurationList;
			buildConfigurations = (
				0E8670781947F8C200F1023F /* Debug */,
				0E8670791947F8C200F1023F /* Release */,
			);
			defaultConfigurationIsVisible = 0;
			defaultConfigurationName = Release;
		};
/* End XCConfigurationList section */
	};
	rootObject = 0E8670401947F8C100F1023F /* Project object */;
}
